
Microsoft Visual Studio Solution File, Format Version 12.00
# Visual Studio Version 17
VisualStudioVersion = 17.9.34723.18
MinimumVisualStudioVersion = 10.0.40219.1
Project("{9A19103F-16F7-4668-BE54-9A1E7A4F7556}") = "Course_work", "Course_work\Course_work.csproj", "{5131A511-6C66-4DC6-A2CE-1A6666CDECED}"
EndProject
Project("{9A19103F-16F7-4668-BE54-9A1E7A4F7556}") = "Course_work.Desktop", "Course_work.Desktop\Course_work.Desktop.csproj", "{526D5A89-7EE9-4B9B-BB07-FEE2805E61F1}"
EndProject
Global
	GlobalSection(SolutionConfigurationPlatforms) = preSolution
		Debug|Any CPU = Debug|Any CPU
		Release|Any CPU = Release|Any CPU
	EndGlobalSection
	GlobalSection(ProjectConfigurationPlatforms) = postSolution
		{5131A511-6C66-4DC6-A2CE-1A6666CDECED}.Debug|Any CPU.ActiveCfg = Debug|Any CPU
		{5131A511-6C66-4DC6-A2CE-1A6666CDECED}.Debug|Any CPU.Build.0 = Debug|Any CPU
		{5131A511-6C66-4DC6-A2CE-1A6666CDECED}.Release|Any CPU.ActiveCfg = Release|Any CPU
		{5131A511-6C66-4DC6-A2CE-1A6666CDECED}.Release|Any CPU.Build.0 = Release|Any CPU
		{526D5A89-7EE9-4B9B-BB07-FEE2805E61F1}.Debug|Any CPU.ActiveCfg = Debug|Any CPU
		{526D5A89-7EE9-4B9B-BB07-FEE2805E61F1}.Debug|Any CPU.Build.0 = Debug|Any CPU
		{526D5A89-7EE9-4B9B-BB07-FEE2805E61F1}.Release|Any CPU.ActiveCfg = Release|Any CPU
		{526D5A89-7EE9-4B9B-BB07-FEE2805E61F1}.Release|Any CPU.Build.0 = Release|Any CPU
	EndGlobalSection
	GlobalSection(SolutionProperties) = preSolution
		HideSolutionNode = FALSE
	EndGlobalSection
	GlobalSection(ExtensibilityGlobals) = postSolution
		SolutionGuid = {67FE4AE2-6931-45DB-949F-B53963FC1691}
	EndGlobalSection
EndGlobal
